
Microsoft Visual Studio Solution File, Format Version 12.00
# Visual Studio Version 17
VisualStudioVersion = 17.10.35027.167
MinimumVisualStudioVersion = 10.0.40219.1
Project("{FAE04EC0-301F-11D3-BF4B-00C04F79EFBC}") = "DockerMVC", "DockerMVC\DockerMVC.csproj", "{60F5B061-1193-43E9-8A41-EB3FE65AFED7}"
EndProject
Global
	GlobalSection(SolutionConfigurationPlatforms) = preSolution
		Debug|Any CPU = Debug|Any CPU
		Release|Any CPU = Release|Any CPU
	EndGlobalSection
	GlobalSection(ProjectConfigurationPlatforms) = postSolution
		{60F5B061-1193-43E9-8A41-EB3FE65AFED7}.Debug|Any CPU.ActiveCfg = Debug|Any CPU
		{60F5B061-1193-43E9-8A41-EB3FE65AFED7}.Debug|Any CPU.Build.0 = Debug|Any CPU
		{60F5B061-1193-43E9-8A41-EB3FE65AFED7}.Release|Any CPU.ActiveCfg = Release|Any CPU
		{60F5B061-1193-43E9-8A41-EB3FE65AFED7}.Release|Any CPU.Build.0 = Release|Any CPU
	EndGlobalSection
	GlobalSection(SolutionProperties) = preSolution
		HideSolutionNode = FALSE
	EndGlobalSection
	GlobalSection(ExtensibilityGlobals) = postSolution
		SolutionGuid = {AB984209-510B-4C52-B9E3-D28B712739E9}
	EndGlobalSection
EndGlobal
